# This file is automatically @generated by Cargo.
# It is not intended for manual editing.
[[package]]
name = "dero_guard"
version = "0.1.0"

[[package]]
name = "dero_guard_client"
version = "0.1.0"
dependencies = [
 "dero_guard",
]

[[package]]
name = "dero_guard_server"
version = "0.1.0"
dependencies = [
 "dero_guard",
]
